schema_version: 1
transport_version: 2026-08-20.3
status: reviewed-transport-bound-task6-final-awaiting-live-authorization
enabled: false
installation_authorized: false
live_execution_authorized: false
authorities:
  plan_sha256: 75715a5a3973f3ed9813e66c809d76ec1281d537afae0c08d66b02684583a658
  matrix_sha256: f471a1fe1633e8be3ea40b78bc07762bc14512e011a813ac628754d10e35f0b6
task6_core:
  integrated_commit_sha: 63c9e0b17ae8e894b85152de6f1ea26b33481930
  integrated_tree_sha: df327c0de3ab5444011c41028f9dc9bc0e4248dd
  reviewed_source_commit_sha: 1eb21d952c202d301a0252125f9a7b8fdc010ef6
  reviewed_source_tree_sha: 1673e50129214f1e00c9926803be30b270148dae
  broker_sha256: 8d1c7859a1d4108e507d2f9a32acee8a1e26a10c212186fc751ab39e1c47d22e
  policy_sha256: b1e15a9b74e3330c32eb63143d65f51fd1ec595c8eeb3a36cfb46abcc27cc89b
  runtime_lock_sha256: 2aae227ff90d932c0d80ef71a23993e2819e911b83c7a9ed492647bae67d465f
task6_receipts:
  reviewed_source_commit_sha: 45c55b6fc0cd2752d2869c4517475c86004a1e91
  reviewed_source_tree_sha: e8da0e42c2593ff4bb284d7bc52320cefb1ba517
  helper_blob_sha: ad56d39488c749a29486d2a842d713bbd838fa7d
  helper_path: bin/ken-frontend-production-release
  helper_sha256: 8a611e251c69ee0af1f66043d508695461decf271cc32b76dbe224833a17f183
  contract_sha256: d5ebeb58afb5f5e24bc1b6a6e74934ee3a22ae337b103a085d2df9a5776db63c
  phases: [source, build, scan, upload, registry, token-destroy, digest, deploy-health, cleanup]
  actor_uids: {source: 22003, build: 22201, scan: 0, upload: 22202, registry: 22003, token-destroy: 22003, digest: 0, deploy-health: 22203, cleanup: 0}
  firewall_phases:
    source: []
    build: [node-base-read, package-read, build-offline]
    scan: []
    upload: [posthog-upload]
    registry: [ghcr-write]
    token-destroy: []
    digest: []
    deploy-health: [frontend-deploy, frontend-public-health]
    cleanup: []
  task4_deploy_target_authority: deferred-until-single-stop-readback
task6_final:
  status: reviewed-final-bindings
  commit_sha: d03694d41c044985d406e74d434fdf2928bc4798
  tree_sha: 71b57ed890f5f39ea3ee90eaccb59a8cf3666fb4
  task7_base_commit_sha: a06da36014e6b08a7478f5306c137c52c436c3ef
  artifacts:
    policy:
      path: inventory/op-broker-policy.yaml
      git_blob_sha: 208c5c02f1b7415887c7ff30c70f6d863d60df8d
      sha256: 383ea7d1d2beb7e0ced15ed68768ce41e9ec9abbae5f180b6ac29542970b1335
    runtime_lock:
      path: inventory/broker-runtime.lock.yaml
      git_blob_sha: 41b6bda7e96c8c2751f10c1c4bd75d279b06458a
      sha256: 0e571c4d20ce68ebb7fd97c2a3dbc0d7430c50c4a09dfd0b89cb08c0ffec2bfa
    broker:
      path: bin/ken-op-broker
      git_blob_sha: 8bbd30fab740a08b016d214f6d10c2f40276136a
      sha256: 84f38c9f8cc2dfaa45aec438230af1c948b6fd6ae71767f39ccc1f72974257df
    client:
      path: bin/ken-op-exec
      git_blob_sha: 90e5a39253a082598d15533f8f4d620e84468953
      sha256: 2b55d1e7687929d12edec6fe220ed84274b0d2f465f562960239064c82a1922a
    broker_unit:
      path: systemd/ken-op-broker@.service
      git_blob_sha: f3e764545d133863aabb8ea2760bf74f31e8cc1a
      sha256: dbc0f8da004054a28e9a4675cd6d10d5f17d73b2ca932b022dea632394cf7989
  receipt_helper_provenance:
    reviewed_source_commit_sha: 45c55b6fc0cd2752d2869c4517475c86004a1e91
    reviewed_source_tree_sha: e8da0e42c2593ff4bb284d7bc52320cefb1ba517
    helper_path: bin/ken-frontend-production-release
    helper_blob_sha: ad56d39488c749a29486d2a842d713bbd838fa7d
    helper_sha256: 8a611e251c69ee0af1f66043d508695461decf271cc32b76dbe224833a17f183
    contract_sha256: d5ebeb58afb5f5e24bc1b6a6e74934ee3a22ae337b103a085d2df9a5776db63c
leases:
  ordinary_slots:
    - {slot: 1, unit: ken-actions-deploy-transaction-1.service, slice: ken-actions-deploy-transaction-1.slice}
    - {slot: 2, unit: ken-actions-deploy-transaction-2.service, slice: ken-actions-deploy-transaction-2.slice}
  writer_preference: true
  production_build_holds_both: true
  recovery: stop-reap-cgroup-empty-cleanup-then-release
artifacts:
  coordinator:
    path: bin/ken-actions-deploy-transaction
    sha256: f4cbe9c5222d3dafe9899b539c0bcdbd3b734f8b39d6c1c444f7ae8e42e54fd2
  ordinary_slot_1:
    path: systemd/ken-actions-deploy-transaction-1.service
    sha256: 8934f845a0ea882a26f3b6699f6a865662febbb736ec5816897504186b9faa24
  ordinary_slot_2:
    path: systemd/ken-actions-deploy-transaction-2.service
    sha256: d137931523ec039b51f1b2428bf9e0c485b2ce688e5efca06b8678ba55f91ba1
  frontend_builder:
    path: systemd/ken-frontend-production-builder@.service
    sha256: 434e76ae73a386c290bb16f3f45df48cfc892b738d8fec2c32ed1bcda3cc3c3e
  frontend_uploader:
    path: systemd/ken-frontend-source-map-uploader@.service
    sha256: 0e67084dc290d659581e250c5ba78d33f5c1b3ac42bb0aacbb9d3557d97d0ce0
  frontend_deploy:
    path: systemd/ken-frontend-deploy-executor@.service
    sha256: dac86637f7f99ec71087585052250fbc4e32fc73cc585ac3370998c96fde78fd
task6_bindings:
  ordinary_systemd_transaction_transport_sha256: 5e1641f88d90bd43ad1fb56cef41574c3cda29497d3c139aa1c040e0634500f2
  frontend_operation_binding_sha256: ab05e6593ce625be91fad528f7adcdd7c2696f1664d8ba113a0f58a5a363b12e
  frontend_phase_transport_sha256: f4784b92e104c27530e0b9dd86b98d4205faf83098aae616e9ecf392bef12fda
  frontend_deploy_contract_sha256: 47ebf14dcd3341c1dd7b843d45b102e996190d6f954d8b1bb4d003e6484cc564
  trusted_generation_dependency_acquisition_sha256: dcd386771149140e68e19a2c44989ea3e268c7171afd32fa38db166541ae6933
  trusted_generation_generated_paths_manifest_sha256: 08720cf30192a6daf13056fd150cece9c4308ff13adad1861b9f2db6deea3ec9
  trusted_generation_commit_input_contract_sha256: d2d81004d9076702ddc01e37cb0d8f189008f033cd7b03871eacf1d8d4e484df
  trusted_generation_cgroup_contract_sha256: 9c01ecb1ada3ae65f0f157698accf56cc56cbafadd078589bf3df7d4893cf854
  trusted_generation_phase_transport_sha256: 6e0945130af419de14091f5afc06d404a919319f7dc2bcee7cf40489561ec12b
